{
  "name": "split-screen",
  "version": "1.0.0",
  "lockfileVersion": 2,
  "requires": true,
  "packages": {
    "": {
      "name": "split-screen",
      "version": "1.0.0",
      "license": "ISC",
      "dependencies": {
        "swiper": "^8.4.4",
        "swup": "^2.0.19"
      }
    },
    "node_modules/delegate-it": {
      "version": "3.0.1",
      "resolved": "https://registry.npmjs.org/delegate-it/-/delegate-it-3.0.1.tgz",
      "integrity": "sha512-XU8H4pjDGBW74hFIbjdLPnvtU3HF3P9bbZvoFBSBLb5JgNaTkRb/2lvC1V+9kmZsxVR0kad4bU3rYhQ/4Ij+Gw==",
      "dependencies": {
        "typed-query-selector": "^2.6.1"
      }
    },
    "node_modules/dom7": {
      "version": "4.0.4",
      "resolved": "https://registry.npmjs.org/dom7/-/dom7-4.0.4.tgz",
      "integrity": "sha512-DSSgBzQ4rJWQp1u6o+3FVwMNnT5bzQbMb+o31TjYYeRi05uAcpF8koxdfzeoe5ElzPmua7W7N28YJhF7iEKqIw==",
      "dependencies": {
        "ssr-window": "^4.0.0"
      }
    },
    "node_modules/opencollective-postinstall": {
      "version": "2.0.3",
      "resolved": "https://registry.npmjs.org/opencollective-postinstall/-/opencollective-postinstall-2.0.3.tgz",
      "integrity": "sha512-8AV/sCtuzUeTo8gQK5qDZzARrulB3egtLzFgteqB2tcT4Mw7B8Kt7JcDHmltjz6FOAHsvTevk70gZEbhM4ZS9Q==",
      "bin": {
        "opencollective-postinstall": "index.js"
      }
    },
    "node_modules/ssr-window": {
      "version": "4.0.2",
      "resolved": "https://registry.npmjs.org/ssr-window/-/ssr-window-4.0.2.tgz",
      "integrity": "sha512-ISv/Ch+ig7SOtw7G2+qkwfVASzazUnvlDTwypdLoPoySv+6MqlOV10VwPSE6EWkGjhW50lUmghPmpYZXMu/+AQ=="
    },
    "node_modules/swiper": {
      "version": "8.4.4",
      "resolved": "https://registry.npmjs.org/swiper/-/swiper-8.4.4.tgz",
      "integrity": "sha512-jA/8BfOZwT8PqPSnMX0TENZYitXEhNa7ZSNj1Diqh5LZyUJoBQaZcqAiPQ/PIg1+IPaRn/V8ZYVb0nxHMh51yw==",
      "funding": [
        {
          "type": "patreon",
          "url": "https://www.patreon.com/swiperjs"
        },
        {
          "type": "open_collective",
          "url": "http://opencollective.com/swiper"
        }
      ],
      "hasInstallScript": true,
      "dependencies": {
        "dom7": "^4.0.4",
        "ssr-window": "^4.0.2"
      },
      "engines": {
        "node": ">= 4.7.0"
      }
    },
    "node_modules/swup": {
      "version": "2.0.19",
      "resolved": "https://registry.npmjs.org/swup/-/swup-2.0.19.tgz",
      "integrity": "sha512-cyqcVG5ZlIwqRjvLhZvYFBoc8vDDZ5V0OMthTOa7OE/xowzqyhGRJ2hvFr6ecnJfpiTJGN5CIq+Ep2G7ty9gcw==",
      "hasInstallScript": true,
      "dependencies": {
        "delegate-it": "^3.0.1",
        "opencollective-postinstall": "^2.0.2"
      }
    },
    "node_modules/typed-query-selector": {
      "version": "2.8.0",
      "resolved": "https://registry.npmjs.org/typed-query-selector/-/typed-query-selector-2.8.0.tgz",
      "integrity": "sha512-jo9NLGQ0b7sT9TK3mxzemATQqTb/uh8TRvcOK6WSwKNewALt3AA8q2m7cdpF/uUbd/cdixaBxCGe6fpzpEWbGw=="
    }
  },
  "dependencies": {
    "delegate-it": {
      "version": "3.0.1",
      "resolved": "https://registry.npmjs.org/delegate-it/-/delegate-it-3.0.1.tgz",
      "integrity": "sha512-XU8H4pjDGBW74hFIbjdLPnvtU3HF3P9bbZvoFBSBLb5JgNaTkRb/2lvC1V+9kmZsxVR0kad4bU3rYhQ/4Ij+Gw==",
      "requires": {
        "typed-query-selector": "^2.6.1"
      }
    },
    "dom7": {
      "version": "4.0.4",
      "resolved": "https://registry.npmjs.org/dom7/-/dom7-4.0.4.tgz",
      "integrity": "sha512-DSSgBzQ4rJWQp1u6o+3FVwMNnT5bzQbMb+o31TjYYeRi05uAcpF8koxdfzeoe5ElzPmua7W7N28YJhF7iEKqIw==",
      "requires": {
        "ssr-window": "^4.0.0"
      }
    },
    "opencollective-postinstall": {
      "version": "2.0.3",
      "resolved": "https://registry.npmjs.org/opencollective-postinstall/-/opencollective-postinstall-2.0.3.tgz",
      "integrity": "sha512-8AV/sCtuzUeTo8gQK5qDZzARrulB3egtLzFgteqB2tcT4Mw7B8Kt7JcDHmltjz6FOAHsvTevk70gZEbhM4ZS9Q=="
    },
    "ssr-window": {
      "version": "4.0.2",
      "resolved": "https://registry.npmjs.org/ssr-window/-/ssr-window-4.0.2.tgz",
      "integrity": "sha512-ISv/Ch+ig7SOtw7G2+qkwfVASzazUnvlDTwypdLoPoySv+6MqlOV10VwPSE6EWkGjhW50lUmghPmpYZXMu/+AQ=="
    },
    "swiper": {
      "version": "8.4.4",
      "resolved": "https://registry.npmjs.org/swiper/-/swiper-8.4.4.tgz",
      "integrity": "sha512-jA/8BfOZwT8PqPSnMX0TENZYitXEhNa7ZSNj1Diqh5LZyUJoBQaZcqAiPQ/PIg1+IPaRn/V8ZYVb0nxHMh51yw==",
      "requires": {
        "dom7": "^4.0.4",
        "ssr-window": "^4.0.2"
      }
    },
    "swup": {
      "version": "2.0.19",
      "resolved": "https://registry.npmjs.org/swup/-/swup-2.0.19.tgz",
      "integrity": "sha512-cyqcVG5ZlIwqRjvLhZvYFBoc8vDDZ5V0OMthTOa7OE/xowzqyhGRJ2hvFr6ecnJfpiTJGN5CIq+Ep2G7ty9gcw==",
      "requires": {
        "delegate-it": "^3.0.1",
        "opencollective-postinstall": "^2.0.2"
      }
    },
    "typed-query-selector": {
      "version": "2.8.0",
      "resolved": "https://registry.npmjs.org/typed-query-selector/-/typed-query-selector-2.8.0.tgz",
      "integrity": "sha512-jo9NLGQ0b7sT9TK3mxzemATQqTb/uh8TRvcOK6WSwKNewALt3AA8q2m7cdpF/uUbd/cdixaBxCGe6fpzpEWbGw=="
    }
  }
}
